// !$*UTF8*$!
{
	archiveVersion = 1;
	classes = {
	};
	objectVersion = 46;
	objects = {

/* Begin PBXBuildFile section */
		41B75F471E529CCA00FEF38A /* main.swift in Sources */ = {isa = PBXBuildFile; fileRef = 41B75F461E529CCA00FEF38A /* main.swift */; };
		41B75F521E529D4B00FEF38A /* Assembler.swift in Sources */ = {isa = PBXBuildFile; fileRef = 41B75F511E529D4B00FEF38A /* Assembler.swift */; };
		41B75F541E529E6B00FEF38A /* Parser.swift in Sources */ = {isa = PBXBuildFile; fileRef = 41B75F531E529E6B00FEF38A /* Parser.swift */; };
		41B75F561E53655300FEF38A /* Helpers.swift in Sources */ = {isa = PBXBuildFile; fileRef = 41B75F551E53655300FEF38A /* Helpers.swift */; };
		41B75F581E53681C00FEF38A /* Emitter.swift in Sources */ = {isa = PBXBuildFile; fileRef = 41B75F571E53681C00FEF38A /* Emitter.swift */; };
/* End PBXBuildFile section */

/* Begin PBXCopyFilesBuildPhase section */
		41B75F411E529CCA00FEF38A /* CopyFiles */ = {
			isa = PBXCopyFilesBuildPhase;
			buildActionMask = 2147483647;
			dstPath = /usr/share/man/man1/;
			dstSubfolderSpec = 0;
			files = (
			);
			runOnlyForDeploymentPostprocessing = 1;
		};
/* End PBXCopyFilesBuildPhase section */

/* Begin PBXFileReference section */
		41B75F431E529CCA00FEF38A /* lc3assembler */ = {isa = PBXFileReference; explicitFileType = "compiled.mach-o.executable"; includeInIndex = 0; path = lc3assembler; sourceTree = BUILT_PRODUCTS_DIR; };
		41B75F461E529CCA00FEF38A /* main.swift */ = {isa = PBXFileReference; lastKnownFileType = sourcecode.swift; path = main.swift; sourceTree = "<group>"; };
		41B75F4E1E529D0F00FEF38A /* test.obj */ = {isa = PBXFileReference; lastKnownFileType = file; path = test.obj; sourceTree = "<group>"; };
		41B75F4F1E529D0F00FEF38A /* test.asm */ = {isa = PBXFileReference; lastKnownFileType = sourcecode.asm.asm; path = test.asm; sourceTree = "<group>"; };
		41B75F511E529D4B00FEF38A /* Assembler.swift */ = {isa = PBXFileReference; fileEncoding = 4; lastKnownFileType = sourcecode.swift; path = Assembler.swift; sourceTree = "<group>"; };
		41B75F531E529E6B00FEF38A /* Parser.swift */ = {isa = PBXFileReference; fileEncoding = 4; lastKnownFileType = sourcecode.swift; path = Parser.swift; sourceTree = "<group>"; };
		41B75F551E53655300FEF38A /* Helpers.swift */ = {isa = PBXFileReference; fileEncoding = 4; lastKnownFileType = sourcecode.swift; name = Helpers.swift; path = ../Helpers.swift; sourceTree = "<group>"; };
		41B75F571E53681C00FEF38A /* Emitter.swift */ = {isa = PBXFileReference; fileEncoding = 4; lastKnownFileType = sourcecode.swift; path = Emitter.swift; sourceTree = "<group>"; };
/* End PBXFileReference section */

/* Begin PBXFrameworksBuildPhase section */
		41B75F401E529CCA00FEF38A /* Frameworks */ = {
			isa = PBXFrameworksBuildPhase;
			buildActionMask = 2147483647;
			files = (
			);
			runOnlyForDeploymentPostprocessing = 0;
		};
/* End PBXFrameworksBuildPhase section */

/* Begin PBXGroup section */
		41B75F3A1E529CCA00FEF38A = {
			isa = PBXGroup;
			children = (
				41B75F451E529CCA00FEF38A /* lc3assembler */,
				41B75F441E529CCA00FEF38A /* Products */,
			);
			sourceTree = "<group>";
		};
		41B75F441E529CCA00FEF38A /* Products */ = {
			isa = PBXGroup;
			children = (
				41B75F431E529CCA00FEF38A /* lc3assembler */,
			);
			name = Products;
			sourceTree = "<group>";
		};
		41B75F451E529CCA00FEF38A /* lc3assembler */ = {
			isa = PBXGroup;
			children = (
				41B75F4D1E529CF900FEF38A /* Test Files */,
				41B75F461E529CCA00FEF38A /* main.swift */,
				41B75F511E529D4B00FEF38A /* Assembler.swift */,
				41B75F531E529E6B00FEF38A /* Parser.swift */,
				41B75F571E53681C00FEF38A /* Emitter.swift */,
				41B75F551E53655300FEF38A /* Helpers.swift */,
			);
			path = lc3assembler;
			sourceTree = "<group>";
		};
		41B75F4D1E529CF900FEF38A /* Test Files */ = {
			isa = PBXGroup;
			children = (
				41B75F4E1E529D0F00FEF38A /* test.obj */,
				41B75F4F1E529D0F00FEF38A /* test.asm */,
			);
			name = "Test Files";
			sourceTree = "<group>";
		};
/* End PBXGroup section */

/* Begin PBXNativeTarget section */
		41B75F421E529CCA00FEF38A /* lc3assembler */ = {
			isa = PBXNativeTarget;
			buildConfigurationList = 41B75F4A1E529CCA00FEF38A /* Build configuration list for PBXNativeTarget "lc3assembler" */;
			buildPhases = (
				41B75F3F1E529CCA00FEF38A /* Sources */,
				41B75F401E529CCA00FEF38A /* Frameworks */,
				41B75F411E529CCA00FEF38A /* CopyFiles */,
			);
			buildRules = (
			);
			dependencies = (
			);
			name = lc3assembler;
			productName = lc3assembler;
			productReference = 41B75F431E529CCA00FEF38A /* lc3assembler */;
			productType = "com.apple.product-type.tool";
		};
/* End PBXNativeTarget section */

/* Begin PBXProject section */
		41B75F3B1E529CCA00FEF38A /* Project object */ = {
			isa = PBXProject;
			attributes = {
				LastSwiftUpdateCheck = 0820;
				LastUpgradeCheck = 0820;
				ORGANIZATIONNAME = "Mert Dümenci";
				TargetAttributes = {
					41B75F421E529CCA00FEF38A = {
						CreatedOnToolsVersion = 8.2;
						DevelopmentTeam = UY49JV8G34;
						ProvisioningStyle = Automatic;
					};
				};
			};
			buildConfigurationList = 41B75F3E1E529CCA00FEF38A /* Build configuration list for PBXProject "lc3assembler" */;
			compatibilityVersion = "Xcode 3.2";
			developmentRegion = English;
			hasScannedForEncodings = 0;
			knownRegions = (
				en,
			);
			mainGroup = 41B75F3A1E529CCA00FEF38A;
			productRefGroup = 41B75F441E529CCA00FEF38A /* Products */;
			projectDirPath = "";
			projectRoot = "";
			targets = (
				41B75F421E529CCA00FEF38A /* lc3assembler */,
			);
		};
/* End PBXProject section */

/* Begin PBXSourcesBuildPhase section */
		41B75F3F1E529CCA00FEF38A /* Sources */ = {
			isa = PBXSourcesBuildPhase;
			buildActionMask = 2147483647;
			files = (
				41B75F541E529E6B00FEF38A /* Parser.swift in Sources */,
				41B75F471E529CCA00FEF38A /* main.swift in Sources */,
				41B75F521E529D4B00FEF38A /* Assembler.swift in Sources */,
				41B75F581E53681C00FEF38A /* Emitter.swift in Sources */,
				41B75F561E53655300FEF38A /* Helpers.swift in Sources */,
			);
			runOnlyForDeploymentPostprocessing = 0;
		};
/* End PBXSourcesBuildPhase section */

/* Begin XCBuildConfiguration section */
		41B75F481E529CCA00FEF38A /* Debug */ = {
			isa = XCBuildConfiguration;
			buildSettings = {
				ALWAYS_SEARCH_USER_PATHS = NO;
				CLANG_ANALYZER_NONNULL = YES;
				CLANG_CXX_LANGUAGE_STANDARD = "gnu++0x";
				CLANG_CXX_LIBRARY = "libc++";
				CLANG_ENABLE_MODULES = YES;
				CLANG_ENABLE_OBJC_ARC = YES;
				CLANG_WARN_BOOL_CONVERSION = YES;
				CLANG_WARN_CONSTANT_CONVERSION = YES;
				CLANG_WARN_DIRECT_OBJC_ISA_USAGE = YES_ERROR;
				CLANG_WARN_DOCUMENTATION_COMMENTS = YES;
				CLANG_WARN_EMPTY_BODY = YES;
				CLANG_WARN_ENUM_CONVERSION = YES;
				CLANG_WARN_INFINITE_RECURSION = YES;
				CLANG_WARN_INT_CONVERSION = YES;
				CLANG_WARN_OBJC_ROOT_CLASS = YES_ERROR;
				CLANG_WARN_SUSPICIOUS_MOVE = YES;
				CLANG_WARN_UNREACHABLE_CODE = YES;
				CLANG_WARN__DUPLICATE_METHOD_MATCH = YES;
				CODE_SIGN_IDENTITY = "-";
				COPY_PHASE_STRIP = NO;
				DEBUG_INFORMATION_FORMAT = dwarf;
				ENABLE_STRICT_OBJC_MSGSEND = YES;
				ENABLE_TESTABILITY = YES;
				GCC_C_LANGUAGE_STANDARD = gnu99;
				GCC_DYNAMIC_NO_PIC = NO;
				GCC_NO_COMMON_BLOCKS = YES;
				GCC_OPTIMIZATION_LEVEL = 0;
				GCC_PREPROCESSOR_DEFINITIONS = (
					"DEBUG=1",
					"$(inherited)",
				);
				GCC_WARN_64_TO_32_BIT_CONVERSION = YES;
				GCC_WARN_ABOUT_RETURN_TYPE = YES_ERROR;
				GCC_WARN_UNDECLARED_SELECTOR = YES;
				GCC_WARN_UNINITIALIZED_AUTOS = YES_AGGRESSIVE;
				GCC_WARN_UNUSED_FUNCTION = YES;
				GCC_WARN_UNUSED_VARIABLE = YES;
				MACOSX_DEPLOYMENT_TARGET = 10.12;
				MTL_ENABLE_DEBUG_INFO = YES;
				ONLY_ACTIVE_ARCH = YES;
				SDKROOT = macosx;
				SWIFT_OPTIMIZATION_LEVEL = "-Onone";
			};
			name = Debug;
		};
		41B75F491E529CCA00FEF38A /* Release */ = {
			isa = XCBuildConfiguration;
			buildSettings = {
				ALWAYS_SEARCH_USER_PATHS = NO;
				CLANG_ANALYZER_NONNULL = YES;
				CLANG_CXX_LANGUAGE_STANDARD = "gnu++0x";
				CLANG_CXX_LIBRARY = "libc++";
				CLANG_ENABLE_MODULES = YES;
				CLANG_ENABLE_OBJC_ARC = YES;
				CLANG_WARN_BOOL_CONVERSION = YES;
				CLANG_WARN_CONSTANT_CONVERSION = YES;
				CLANG_WARN_DIRECT_OBJC_ISA_USAGE = YES_ERROR;
				CLANG_WARN_DOCUMENTATION_COMMENTS = YES;
				CLANG_WARN_EMPTY_BODY = YES;
				CLANG_WARN_ENUM_CONVERSION = YES;
				CLANG_WARN_INFINITE_RECURSION = YES;
				CLANG_WARN_INT_CONVERSION = YES;
				CLANG_WARN_OBJC_ROOT_CLASS = YES_ERROR;
				CLANG_WARN_SUSPICIOUS_MOVE = YES;
				CLANG_WARN_UNREACHABLE_CODE = YES;
				CLANG_WARN__DUPLICATE_METHOD_MATCH = YES;
				CODE_SIGN_IDENTITY = "-";
				COPY_PHASE_STRIP = NO;
				DEBUG_INFORMATION_FORMAT = "dwarf-with-dsym";
				ENABLE_NS_ASSERTIONS = NO;
				ENABLE_STRICT_OBJC_MSGSEND = YES;
				GCC_C_LANGUAGE_STANDARD = gnu99;
				GCC_NO_COMMON_BLOCKS = YES;
				GCC_WARN_64_TO_32_BIT_CONVERSION = YES;
				GCC_WARN_ABOUT_RETURN_TYPE = YES_ERROR;
				GCC_WARN_UNDECLARED_SELECTOR = YES;
				GCC_WARN_UNINITIALIZED_AUTOS = YES_AGGRESSIVE;
				GCC_WARN_UNUSED_FUNCTION = YES;
				GCC_WARN_UNUSED_VARIABLE = YES;
				MACOSX_DEPLOYMENT_TARGET = 10.12;
				MTL_ENABLE_DEBUG_INFO = NO;
				SDKROOT = macosx;
			};
			name = Release;
		};
		41B75F4B1E529CCA00FEF38A /* Debug */ = {
			isa = XCBuildConfiguration;
			buildSettings = {
				DEVELOPMENT_TEAM = UY49JV8G34;
				PRODUCT_NAME = "$(TARGET_NAME)";
				SWIFT_VERSION = 3.0;
			};
			name = Debug;
		};
		41B75F4C1E529CCA00FEF38A /* Release */ = {
			isa = XCBuildConfiguration;
			buildSettings = {
				DEVELOPMENT_TEAM = UY49JV8G34;
				PRODUCT_NAME = "$(TARGET_NAME)";
				SWIFT_VERSION = 3.0;
			};
			name = Release;
		};
/* End XCBuildConfiguration section */

/* Begin XCConfigurationList section */
		41B75F3E1E529CCA00FEF38A /* Build configuration list for PBXProject "lc3assembler" */ = {
			isa = XCConfigurationList;
			buildConfigurations = (
				41B75F481E529CCA00FEF38A /* Debug */,
				41B75F491E529CCA00FEF38A /* Release */,
			);
			defaultConfigurationIsVisible = 0;
			defaultConfigurationName = Release;
		};
		41B75F4A1E529CCA00FEF38A /* Build configuration list for PBXNativeTarget "lc3assembler" */ = {
			isa = XCConfigurationList;
			buildConfigurations = (
				41B75F4B1E529CCA00FEF38A /* Debug */,
				41B75F4C1E529CCA00FEF38A /* Release */,
			);
			defaultConfigurationIsVisible = 0;
		};
/* End XCConfigurationList section */
	};
	rootObject = 41B75F3B1E529CCA00FEF38A /* Project object */;
}
